
Microsoft Visual Studio Solution File, Format Version 12.00
# Visual Studio Version 16
VisualStudioVersion = 16.0.29905.134
MinimumVisualStudioVersion = 10.0.40219.1
Project("{8BC9CEB8-8B4A-11D0-8D11-00A0C91BC942}") = "Sopa de letras", "Sopa de letras\Sopa de letras.vcxproj", "{557E8364-C47F-456F-A4F8-7D87EBDE0402}"
EndProject
Global
	GlobalSection(SolutionConfigurationPlatforms) = preSolution
		Debug|x64 = Debug|x64
		Debug|x86 = Debug|x86
		Release|x64 = Release|x64
		Release|x86 = Release|x86
	EndGlobalSection
	GlobalSection(ProjectConfigurationPlatforms) = postSolution
		{557E8364-C47F-456F-A4F8-7D87EBDE0402}.Debug|x64.ActiveCfg = Debug|x64
		{557E8364-C47F-456F-A4F8-7D87EBDE0402}.Debug|x64.Build.0 = Debug|x64
		{557E8364-C47F-456F-A4F8-7D87EBDE0402}.Debug|x86.ActiveCfg = Debug|Win32
		{557E8364-C47F-456F-A4F8-7D87EBDE0402}.Debug|x86.Build.0 = Debug|Win32
		{557E8364-C47F-456F-A4F8-7D87EBDE0402}.Release|x64.ActiveCfg = Release|x64
		{557E8364-C47F-456F-A4F8-7D87EBDE0402}.Release|x64.Build.0 = Release|x64
		{557E8364-C47F-456F-A4F8-7D87EBDE0402}.Release|x86.ActiveCfg = Release|Win32
		{557E8364-C47F-456F-A4F8-7D87EBDE0402}.Release|x86.Build.0 = Release|Win32
	EndGlobalSection
	GlobalSection(SolutionProperties) = preSolution
		HideSolutionNode = FALSE
	EndGlobalSection
	GlobalSection(ExtensibilityGlobals) = postSolution
		SolutionGuid = {092DE96F-BEBD-4963-90F5-EA3B406D14F7}
	EndGlobalSection
EndGlobal
